
Microsoft Visual Studio Solution File, Format Version 12.00
# Visual Studio Version 16
VisualStudioVersion = 16.0.29409.12
MinimumVisualStudioVersion = 10.0.40219.1
Project("{FAE04EC0-301F-11D3-BF4B-00C04F79EFBC}") = "Labb-5", "Labb-5.csproj", "{AFAB2FF6-0BC6-4265-9109-DD52328A8968}"
EndProject
Global
	GlobalSection(SolutionConfigurationPlatforms) = preSolution
		Debug|Any CPU = Debug|Any CPU
		Release|Any CPU = Release|Any CPU
	EndGlobalSection
	GlobalSection(ProjectConfigurationPlatforms) = postSolution
		{AFAB2FF6-0BC6-4265-9109-DD52328A8968}.Debug|Any CPU.ActiveCfg = Debug|Any CPU
		{AFAB2FF6-0BC6-4265-9109-DD52328A8968}.Debug|Any CPU.Build.0 = Debug|Any CPU
		{AFAB2FF6-0BC6-4265-9109-DD52328A8968}.Release|Any CPU.ActiveCfg = Release|Any CPU
		{AFAB2FF6-0BC6-4265-9109-DD52328A8968}.Release|Any CPU.Build.0 = Release|Any CPU
	EndGlobalSection
	GlobalSection(SolutionProperties) = preSolution
		HideSolutionNode = FALSE
	EndGlobalSection
	GlobalSection(ExtensibilityGlobals) = postSolution
		SolutionGuid = {006AD7C8-21EF-42F9-B2B0-780F3349B406}
	EndGlobalSection
EndGlobal
